// !$*UTF8*$!
{
	archiveVersion = 1;
	classes = {
	};
	objectVersion = 46;
	objects = {

/* Begin PBXBuildFile section */
		1F19B776271C279A0001892A /* MapViewController.m in Sources */ = {isa = PBXBuildFile; fileRef = 1F19B774271C279A0001892A /* MapViewController.m */; };
		1F19B7A3271C28050001892A /* OpenGLES.framework in Frameworks */ = {isa = PBXBuildFile; fileRef = 1F19B7A2271C28050001892A /* OpenGLES.framework */; };
		1F19B7A5271C28180001892A /* SystemConfiguration.framework in Frameworks */ = {isa = PBXBuildFile; fileRef = 1F19B7A4271C28180001892A /* SystemConfiguration.framework */; };
		1F19B7A7271C28220001892A /* CoreLocation.framework in Frameworks */ = {isa = PBXBuildFile; fileRef = 1F19B7A6271C28220001892A /* CoreLocation.framework */; };
		1F19B7A9271C28280001892A /* QuartzCore.framework in Frameworks */ = {isa = PBXBuildFile; fileRef = 1F19B7A8271C28280001892A /* QuartzCore.framework */; };
		1F19B7AB271C28300001892A /* libc++.tbd in Frameworks */ = {isa = PBXBuildFile; fileRef = 1F19B7AA271C28300001892A /* libc++.tbd */; };
		1F19B7AE271C28370001892A /* libxml2.tbd in Frameworks */ = {isa = PBXBuildFile; fileRef = 1F19B7AD271C28370001892A /* libxml2.tbd */; };
		1F19B7B1271C283D0001892A /* libsqlite3.tbd in Frameworks */ = {isa = PBXBuildFile; fileRef = 1F19B7B0271C283D0001892A /* libsqlite3.tbd */; };
		1F19BB7C271C33DD0001892A /* DaumMap.framework in Frameworks */ = {isa = PBXBuildFile; fileRef = 1F19BB7B271C33DD0001892A /* DaumMap.framework */; };
		1F9F109A2530C25E00DB7C40 /* RnKakaoMaps.m in Sources */ = {isa = PBXBuildFile; fileRef = 1F9F10992530C25E00DB7C40 /* RnKakaoMaps.m */; };
/* End PBXBuildFile section */

/* Begin PBXCopyFilesBuildPhase section */
		58B511D91A9E6C8500147676 /* CopyFiles */ = {
			isa = PBXCopyFilesBuildPhase;
			buildActionMask = 2147483647;
			dstPath = "include/$(PRODUCT_NAME)";
			dstSubfolderSpec = 16;
			files = (
			);
			runOnlyForDeploymentPostprocessing = 0;
		};
/* End PBXCopyFilesBuildPhase section */

/* Begin PBXFileReference section */
		134814201AA4EA6300B7C361 /* libRnKakaoMaps.a */ = {isa = PBXFileReference; explicitFileType = archive.ar; includeInIndex = 0; path = libRnKakaoMaps.a; sourceTree = BUILT_PRODUCTS_DIR; };
		1F19B774271C279A0001892A /* MapViewController.m */ = {isa = PBXFileReference; fileEncoding = 4; lastKnownFileType = sourcecode.c.objc; path = MapViewController.m; sourceTree = "<group>"; };
		1F19B775271C279A0001892A /* MapViewController.h */ = {isa = PBXFileReference; fileEncoding = 4; lastKnownFileType = sourcecode.c.h; path = MapViewController.h; sourceTree = "<group>"; };
		1F19B7A2271C28050001892A /* OpenGLES.framework */ = {isa = PBXFileReference; lastKnownFileType = wrapper.framework; name = OpenGLES.framework; path = System/Library/Frameworks/OpenGLES.framework; sourceTree = SDKROOT; };
		1F19B7A4271C28180001892A /* SystemConfiguration.framework */ = {isa = PBXFileReference; lastKnownFileType = wrapper.framework; name = SystemConfiguration.framework; path = Platforms/MacOSX.platform/Developer/SDKs/MacOSX11.1.sdk/System/Library/Frameworks/SystemConfiguration.framework; sourceTree = DEVELOPER_DIR; };
		1F19B7A6271C28220001892A /* CoreLocation.framework */ = {isa = PBXFileReference; lastKnownFileType = wrapper.framework; name = CoreLocation.framework; path = Platforms/MacOSX.platform/Developer/SDKs/MacOSX11.1.sdk/System/Library/Frameworks/CoreLocation.framework; sourceTree = DEVELOPER_DIR; };
		1F19B7A8271C28280001892A /* QuartzCore.framework */ = {isa = PBXFileReference; lastKnownFileType = wrapper.framework; name = QuartzCore.framework; path = Platforms/MacOSX.platform/Developer/SDKs/MacOSX11.1.sdk/System/Library/Frameworks/QuartzCore.framework; sourceTree = DEVELOPER_DIR; };
		1F19B7AA271C28300001892A /* libc++.tbd */ = {isa = PBXFileReference; lastKnownFileType = "sourcecode.text-based-dylib-definition"; name = "libc++.tbd"; path = "Platforms/MacOSX.platform/Developer/SDKs/MacOSX11.1.sdk/usr/lib/libc++.tbd"; sourceTree = DEVELOPER_DIR; };
		1F19B7AD271C28370001892A /* libxml2.tbd */ = {isa = PBXFileReference; lastKnownFileType = "sourcecode.text-based-dylib-definition"; name = libxml2.tbd; path = Platforms/MacOSX.platform/Developer/SDKs/MacOSX11.1.sdk/usr/lib/libxml2.tbd; sourceTree = DEVELOPER_DIR; };
		1F19B7B0271C283D0001892A /* libsqlite3.tbd */ = {isa = PBXFileReference; lastKnownFileType = "sourcecode.text-based-dylib-definition"; name = libsqlite3.tbd; path = Platforms/MacOSX.platform/Developer/SDKs/MacOSX11.1.sdk/usr/lib/libsqlite3.tbd; sourceTree = DEVELOPER_DIR; };
		1F19BB57271C33DD0001892A /* map_pinup_custom@3x.png */ = {isa = PBXFileReference; lastKnownFileType = image.png; path = "map_pinup_custom@3x.png"; sourceTree = "<group>"; };
		1F19BB58271C33DD0001892A /* map_pin_custom.png */ = {isa = PBXFileReference; lastKnownFileType = image.png; path = map_pin_custom.png; sourceTree = "<group>"; };
		1F19BB59271C33DD0001892A /* shadow_balloon.png */ = {isa = PBXFileReference; lastKnownFileType = image.png; path = shadow_balloon.png; sourceTree = "<group>"; };
		1F19BB5A271C33DD0001892A /* map_pinup.png */ = {isa = PBXFileReference; lastKnownFileType = image.png; path = map_pinup.png; sourceTree = "<group>"; };
		1F19BB5B271C33DD0001892A /* detail_button.png */ = {isa = PBXFileReference; lastKnownFileType = image.png; path = detail_button.png; sourceTree = "<group>"; };
		1F19BB5C271C33DD0001892A /* map_pin_custom@3x.png */ = {isa = PBXFileReference; lastKnownFileType = image.png; path = "map_pin_custom@3x.png"; sourceTree = "<group>"; };
		1F19BB5D271C33DD0001892A /* map_pinup@3x.png */ = {isa = PBXFileReference; lastKnownFileType = image.png; path = "map_pinup@3x.png"; sourceTree = "<group>"; };
		1F19BB5E271C33DD0001892A /* map_pin_shadow@3x.png */ = {isa = PBXFileReference; lastKnownFileType = image.png; path = "map_pin_shadow@3x.png"; sourceTree = "<group>"; };
		1F19BB5F271C33DD0001892A /* copyright.png */ = {isa = PBXFileReference; lastKnownFileType = image.png; path = copyright.png; sourceTree = "<group>"; };
		1F19BB60271C33DD0001892A /* th_line.png */ = {isa = PBXFileReference; lastKnownFileType = image.png; path = th_line.png; sourceTree = "<group>"; };
		1F19BB61271C33DD0001892A /* map_pin_red@3x.png */ = {isa = PBXFileReference; lastKnownFileType = image.png; path = "map_pin_red@3x.png"; sourceTree = "<group>"; };
		1F19BB62271C33DD0001892A /* daum_copyright.png */ = {isa = PBXFileReference; lastKnownFileType = image.png; path = daum_copyright.png; sourceTree = "<group>"; };
		1F19BB63271C33DD0001892A /* map_pin@3x.png */ = {isa = PBXFileReference; lastKnownFileType = image.png; path = "map_pin@3x.png"; sourceTree = "<group>"; };
		1F19BB64271C33DD0001892A /* map_present_tracking.png */ = {isa = PBXFileReference; lastKnownFileType = image.png; path = map_present_tracking.png; sourceTree = "<group>"; };
		1F19BB65271C33DD0001892A /* map_pin_red.png */ = {isa = PBXFileReference; lastKnownFileType = image.png; path = map_pin_red.png; sourceTree = "<group>"; };
		1F19BB67271C33DD0001892A /* MTMapPOIItem.h */ = {isa = PBXFileReference; fileEncoding = 4; lastKnownFileType = sourcecode.c.h; path = MTMapPOIItem.h; sourceTree = "<group>"; };
		1F19BB68271C33DD0001892A /* MTMapCameraUpdate.h */ = {isa = PBXFileReference; fileEncoding = 4; lastKnownFileType = sourcecode.c.h; path = MTMapCameraUpdate.h; sourceTree = "<group>"; };
		1F19BB69271C33DD0001892A /* MTMapReverseGeoCoder.h */ = {isa = PBXFileReference; fileEncoding = 4; lastKnownFileType = sourcecode.c.h; path = MTMapReverseGeoCoder.h; sourceTree = "<group>"; };
		1F19BB6A271C33DD0001892A /* MTMapPolyline.h */ = {isa = PBXFileReference; fileEncoding = 4; lastKnownFileType = sourcecode.c.h; path = MTMapPolyline.h; sourceTree = "<group>"; };
		1F19BB6B271C33DD0001892A /* MTMapLocationMarkerItem.h */ = {isa = PBXFileReference; fileEncoding = 4; lastKnownFileType = sourcecode.c.h; path = MTMapLocationMarkerItem.h; sourceTree = "<group>"; };
		1F19BB6C271C33DD0001892A /* MTMapView.h */ = {isa = PBXFileReference; fileEncoding = 4; lastKnownFileType = sourcecode.c.h; path = MTMapView.h; sourceTree = "<group>"; };
		1F19BB6D271C33DD0001892A /* MTMapGeometry.h */ = {isa = PBXFileReference; fileEncoding = 4; lastKnownFileType = sourcecode.c.h; path = MTMapGeometry.h; sourceTree = "<group>"; };
		1F19BB6E271C33DD0001892A /* MTMapCircle.h */ = {isa = PBXFileReference; fileEncoding = 4; lastKnownFileType = sourcecode.c.h; path = MTMapCircle.h; sourceTree = "<group>"; };
		1F19BB6F271C33DD0001892A /* info_box.png */ = {isa = PBXFileReference; lastKnownFileType = image.png; path = info_box.png; sourceTree = "<group>"; };
		1F19BB70271C33DD0001892A /* point_sprite.png */ = {isa = PBXFileReference; lastKnownFileType = image.png; path = point_sprite.png; sourceTree = "<group>"; };
		1F19BB71271C33DD0001892A /* map_pinup_custom.png */ = {isa = PBXFileReference; lastKnownFileType = image.png; path = map_pinup_custom.png; sourceTree = "<group>"; };
		1F19BB72271C33DD0001892A /* info_box_tail.png */ = {isa = PBXFileReference; lastKnownFileType = image.png; path = info_box_tail.png; sourceTree = "<group>"; };
		1F19BB73271C33DD0001892A /* noimage256.png */ = {isa = PBXFileReference; lastKnownFileType = image.png; path = noimage256.png; sourceTree = "<group>"; };
		1F19BB74271C33DD0001892A /* map_present_direction.png */ = {isa = PBXFileReference; lastKnownFileType = image.png; path = map_present_direction.png; sourceTree = "<group>"; };
		1F19BB75271C33DD0001892A /* map_pin.png */ = {isa = PBXFileReference; lastKnownFileType = image.png; path = map_pin.png; sourceTree = "<group>"; };
		1F19BB76271C33DD0001892A /* map_present.png */ = {isa = PBXFileReference; lastKnownFileType = image.png; path = map_present.png; sourceTree = "<group>"; };
		1F19BB77271C33DD0001892A /* noimage.png */ = {isa = PBXFileReference; lastKnownFileType = image.png; path = noimage.png; sourceTree = "<group>"; };
		1F19BB78271C33DD0001892A /* map_present_background_update.png */ = {isa = PBXFileReference; lastKnownFileType = image.png; path = map_present_background_update.png; sourceTree = "<group>"; };
		1F19BB79271C33DD0001892A /* daum_th_line.png */ = {isa = PBXFileReference; lastKnownFileType = image.png; path = daum_th_line.png; sourceTree = "<group>"; };
		1F19BB7A271C33DD0001892A /* map_pin_shadow.png */ = {isa = PBXFileReference; lastKnownFileType = image.png; path = map_pin_shadow.png; sourceTree = "<group>"; };
		1F19BB7B271C33DD0001892A /* DaumMap.framework */ = {isa = PBXFileReference; lastKnownFileType = wrapper.framework; path = DaumMap.framework; sourceTree = "<group>"; };
		1F9F10992530C25E00DB7C40 /* RnKakaoMaps.m */ = {isa = PBXFileReference; fileEncoding = 4; lastKnownFileType = sourcecode.c.objc; path = RnKakaoMaps.m; sourceTree = "<group>"; };
		1F9F109B2530C26700DB7C40 /* RnKakaoMaps.h */ = {isa = PBXFileReference; fileEncoding = 4; lastKnownFileType = sourcecode.c.h; path = RnKakaoMaps.h; sourceTree = "<group>"; };
/* End PBXFileReference section */

/* Begin PBXFrameworksBuildPhase section */
		58B511D81A9E6C8500147676 /* Frameworks */ = {
			isa = PBXFrameworksBuildPhase;
			buildActionMask = 2147483647;
			files = (
				1F19B7B1271C283D0001892A /* libsqlite3.tbd in Frameworks */,
				1F19B7AE271C28370001892A /* libxml2.tbd in Frameworks */,
				1F19BB7C271C33DD0001892A /* DaumMap.framework in Frameworks */,
				1F19B7AB271C28300001892A /* libc++.tbd in Frameworks */,
				1F19B7A9271C28280001892A /* QuartzCore.framework in Frameworks */,
				1F19B7A7271C28220001892A /* CoreLocation.framework in Frameworks */,
				1F19B7A5271C28180001892A /* SystemConfiguration.framework in Frameworks */,
				1F19B7A3271C28050001892A /* OpenGLES.framework in Frameworks */,
			);
			runOnlyForDeploymentPostprocessing = 0;
		};
/* End PBXFrameworksBuildPhase section */

/* Begin PBXGroup section */
		134814211AA4EA7D00B7C361 /* Products */ = {
			isa = PBXGroup;
			children = (
				134814201AA4EA6300B7C361 /* libRnKakaoMaps.a */,
			);
			name = Products;
			sourceTree = "<group>";
		};
		1F19B7A1271C28040001892A /* Frameworks */ = {
			isa = PBXGroup;
			children = (
				1F19BB55271C33DD0001892A /* DaumMap.embeddedframework */,
				1F19B7B0271C283D0001892A /* libsqlite3.tbd */,
				1F19B7AD271C28370001892A /* libxml2.tbd */,
				1F19B7AA271C28300001892A /* libc++.tbd */,
				1F19B7A8271C28280001892A /* QuartzCore.framework */,
				1F19B7A6271C28220001892A /* CoreLocation.framework */,
				1F19B7A4271C28180001892A /* SystemConfiguration.framework */,
				1F19B7A2271C28050001892A /* OpenGLES.framework */,
			);
			name = Frameworks;
			sourceTree = "<group>";
		};
		1F19BB55271C33DD0001892A /* DaumMap.embeddedframework */ = {
			isa = PBXGroup;
			children = (
				1F19BB56271C33DD0001892A /* Resources */,
				1F19BB7B271C33DD0001892A /* DaumMap.framework */,
			);
			path = DaumMap.embeddedframework;
			sourceTree = "<group>";
		};
		1F19BB56271C33DD0001892A /* Resources */ = {
			isa = PBXGroup;
			children = (
				1F19BB57271C33DD0001892A /* map_pinup_custom@3x.png */,
				1F19BB58271C33DD0001892A /* map_pin_custom.png */,
				1F19BB59271C33DD0001892A /* shadow_balloon.png */,
				1F19BB5A271C33DD0001892A /* map_pinup.png */,
				1F19BB5B271C33DD0001892A /* detail_button.png */,
				1F19BB5C271C33DD0001892A /* map_pin_custom@3x.png */,
				1F19BB5D271C33DD0001892A /* map_pinup@3x.png */,
				1F19BB5E271C33DD0001892A /* map_pin_shadow@3x.png */,
				1F19BB5F271C33DD0001892A /* copyright.png */,
				1F19BB60271C33DD0001892A /* th_line.png */,
				1F19BB61271C33DD0001892A /* map_pin_red@3x.png */,
				1F19BB62271C33DD0001892A /* daum_copyright.png */,
				1F19BB63271C33DD0001892A /* map_pin@3x.png */,
				1F19BB64271C33DD0001892A /* map_present_tracking.png */,
				1F19BB65271C33DD0001892A /* map_pin_red.png */,
				1F19BB66271C33DD0001892A /* Headers */,
				1F19BB6F271C33DD0001892A /* info_box.png */,
				1F19BB70271C33DD0001892A /* point_sprite.png */,
				1F19BB71271C33DD0001892A /* map_pinup_custom.png */,
				1F19BB72271C33DD0001892A /* info_box_tail.png */,
				1F19BB73271C33DD0001892A /* noimage256.png */,
				1F19BB74271C33DD0001892A /* map_present_direction.png */,
				1F19BB75271C33DD0001892A /* map_pin.png */,
				1F19BB76271C33DD0001892A /* map_present.png */,
				1F19BB77271C33DD0001892A /* noimage.png */,
				1F19BB78271C33DD0001892A /* map_present_background_update.png */,
				1F19BB79271C33DD0001892A /* daum_th_line.png */,
				1F19BB7A271C33DD0001892A /* map_pin_shadow.png */,
			);
			path = Resources;
			sourceTree = "<group>";
		};
		1F19BB66271C33DD0001892A /* Headers */ = {
			isa = PBXGroup;
			children = (
				1F19BB67271C33DD0001892A /* MTMapPOIItem.h */,
				1F19BB68271C33DD0001892A /* MTMapCameraUpdate.h */,
				1F19BB69271C33DD0001892A /* MTMapReverseGeoCoder.h */,
				1F19BB6A271C33DD0001892A /* MTMapPolyline.h */,
				1F19BB6B271C33DD0001892A /* MTMapLocationMarkerItem.h */,
				1F19BB6C271C33DD0001892A /* MTMapView.h */,
				1F19BB6D271C33DD0001892A /* MTMapGeometry.h */,
				1F19BB6E271C33DD0001892A /* MTMapCircle.h */,
			);
			path = Headers;
			sourceTree = "<group>";
		};
		58B511D21A9E6C8500147676 = {
			isa = PBXGroup;
			children = (
				1F19B775271C279A0001892A /* MapViewController.h */,
				1F19B774271C279A0001892A /* MapViewController.m */,
				1F9F109B2530C26700DB7C40 /* RnKakaoMaps.h */,
				1F9F10992530C25E00DB7C40 /* RnKakaoMaps.m */,
				134814211AA4EA7D00B7C361 /* Products */,
				1F19B7A1271C28040001892A /* Frameworks */,
			);
			sourceTree = "<group>";
		};
/* End PBXGroup section */

/* Begin PBXNativeTarget section */
		58B511DA1A9E6C8500147676 /* RnKakaoMaps */ = {
			isa = PBXNativeTarget;
			buildConfigurationList = 58B511EF1A9E6C8500147676 /* Build configuration list for PBXNativeTarget "RnKakaoMaps" */;
			buildPhases = (
				58B511D71A9E6C8500147676 /* Sources */,
				58B511D81A9E6C8500147676 /* Frameworks */,
				58B511D91A9E6C8500147676 /* CopyFiles */,
			);
			buildRules = (
			);
			dependencies = (
			);
			name = RnKakaoMaps;
			productName = RCTDataManager;
			productReference = 134814201AA4EA6300B7C361 /* libRnKakaoMaps.a */;
			productType = "com.apple.product-type.library.static";
		};
/* End PBXNativeTarget section */

/* Begin PBXProject section */
		58B511D31A9E6C8500147676 /* Project object */ = {
			isa = PBXProject;
			attributes = {
				LastUpgradeCheck = 0610;
				ORGANIZATIONNAME = Facebook;
				TargetAttributes = {
					58B511DA1A9E6C8500147676 = {
						CreatedOnToolsVersion = 6.1.1;
					};
				};
			};
			buildConfigurationList = 58B511D61A9E6C8500147676 /* Build configuration list for PBXProject "RnKakaoMaps" */;
			compatibilityVersion = "Xcode 3.2";
			developmentRegion = English;
			hasScannedForEncodings = 0;
			knownRegions = (
				English,
				en,
			);
			mainGroup = 58B511D21A9E6C8500147676;
			productRefGroup = 58B511D21A9E6C8500147676;
			projectDirPath = "";
			projectRoot = "";
			targets = (
				58B511DA1A9E6C8500147676 /* RnKakaoMaps */,
			);
		};
/* End PBXProject section */

/* Begin PBXSourcesBuildPhase section */
		58B511D71A9E6C8500147676 /* Sources */ = {
			isa = PBXSourcesBuildPhase;
			buildActionMask = 2147483647;
			files = (
				1F9F109A2530C25E00DB7C40 /* RnKakaoMaps.m in Sources */,
				1F19B776271C279A0001892A /* MapViewController.m in Sources */,
			);
			runOnlyForDeploymentPostprocessing = 0;
		};
/* End PBXSourcesBuildPhase section */

/* Begin XCBuildConfiguration section */
		58B511ED1A9E6C8500147676 /* Debug */ = {
			isa = XCBuildConfiguration;
			buildSettings = {
				ALWAYS_SEARCH_USER_PATHS = NO;
				CLANG_CXX_LANGUAGE_STANDARD = "gnu++0x";
				CLANG_CXX_LIBRARY = "libc++";
				CLANG_ENABLE_MODULES = YES;
				CLANG_ENABLE_OBJC_ARC = NO;
				CLANG_WARN_BOOL_CONVERSION = YES;
				CLANG_WARN_CONSTANT_CONVERSION = YES;
				CLANG_WARN_DIRECT_OBJC_ISA_USAGE = YES_ERROR;
				CLANG_WARN_EMPTY_BODY = YES;
				CLANG_WARN_ENUM_CONVERSION = YES;
				CLANG_WARN_INT_CONVERSION = YES;
				CLANG_WARN_OBJC_ROOT_CLASS = YES_ERROR;
				CLANG_WARN_UNREACHABLE_CODE = YES;
				CLANG_WARN__DUPLICATE_METHOD_MATCH = YES;
				COPY_PHASE_STRIP = NO;
				ENABLE_STRICT_OBJC_MSGSEND = YES;
				GCC_C_LANGUAGE_STANDARD = gnu99;
				GCC_DYNAMIC_NO_PIC = NO;
				GCC_OPTIMIZATION_LEVEL = 0;
				GCC_PREPROCESSOR_DEFINITIONS = (
					"DEBUG=1",
					"$(inherited)",
				);
				GCC_SYMBOLS_PRIVATE_EXTERN = NO;
				GCC_WARN_64_TO_32_BIT_CONVERSION = YES;
				GCC_WARN_ABOUT_RETURN_TYPE = YES_ERROR;
				GCC_WARN_UNDECLARED_SELECTOR = YES;
				GCC_WARN_UNINITIALIZED_AUTOS = YES_AGGRESSIVE;
				GCC_WARN_UNUSED_FUNCTION = YES;
				GCC_WARN_UNUSED_VARIABLE = YES;
				IPHONEOS_DEPLOYMENT_TARGET = 7.0;
				MTL_ENABLE_DEBUG_INFO = YES;
				ONLY_ACTIVE_ARCH = YES;
				SDKROOT = iphoneos;
			};
			name = Debug;
		};
		58B511EE1A9E6C8500147676 /* Release */ = {
			isa = XCBuildConfiguration;
			buildSettings = {
				ALWAYS_SEARCH_USER_PATHS = NO;
				CLANG_CXX_LANGUAGE_STANDARD = "gnu++0x";
				CLANG_CXX_LIBRARY = "libc++";
				CLANG_ENABLE_MODULES = YES;
				CLANG_ENABLE_OBJC_ARC = NO;
				CLANG_WARN_BOOL_CONVERSION = YES;
				CLANG_WARN_CONSTANT_CONVERSION = YES;
				CLANG_WARN_DIRECT_OBJC_ISA_USAGE = YES_ERROR;
				CLANG_WARN_EMPTY_BODY = YES;
				CLANG_WARN_ENUM_CONVERSION = YES;
				CLANG_WARN_INT_CONVERSION = YES;
				CLANG_WARN_OBJC_ROOT_CLASS = YES_ERROR;
				CLANG_WARN_UNREACHABLE_CODE = YES;
				CLANG_WARN__DUPLICATE_METHOD_MATCH = YES;
				COPY_PHASE_STRIP = YES;
				ENABLE_NS_ASSERTIONS = NO;
				ENABLE_STRICT_OBJC_MSGSEND = YES;
				GCC_C_LANGUAGE_STANDARD = gnu99;
				GCC_WARN_64_TO_32_BIT_CONVERSION = YES;
				GCC_WARN_ABOUT_RETURN_TYPE = YES_ERROR;
				GCC_WARN_UNDECLARED_SELECTOR = YES;
				GCC_WARN_UNINITIALIZED_AUTOS = YES_AGGRESSIVE;
				GCC_WARN_UNUSED_FUNCTION = YES;
				GCC_WARN_UNUSED_VARIABLE = YES;
				IPHONEOS_DEPLOYMENT_TARGET = 7.0;
				MTL_ENABLE_DEBUG_INFO = NO;
				SDKROOT = iphoneos;
				VALIDATE_PRODUCT = YES;
			};
			name = Release;
		};
		58B511F01A9E6C8500147676 /* Debug */ = {
			isa = XCBuildConfiguration;
			buildSettings = {
				FRAMEWORK_SEARCH_PATHS = (
					"$(inherited)",
					"$(PROJECT_DIR)/DaumMap.embeddedframework",
				);
				HEADER_SEARCH_PATHS = (
					"$(inherited)",
					/Applications/Xcode.app/Contents/Developer/Toolchains/XcodeDefault.xctoolchain/usr/include,
					"$(SRCROOT)/../../../React/**",
					"$(SRCROOT)/../../react-native/React/**",
				);
				LIBRARY_SEARCH_PATHS = "$(inherited)";
				OTHER_LDFLAGS = "-ObjC";
				PRODUCT_NAME = RnKakaoMaps;
				SKIP_INSTALL = YES;
			};
			name = Debug;
		};
		58B511F11A9E6C8500147676 /* Release */ = {
			isa = XCBuildConfiguration;
			buildSettings = {
				FRAMEWORK_SEARCH_PATHS = (
					"$(inherited)",
					"$(PROJECT_DIR)/DaumMap.embeddedframework",
				);
				HEADER_SEARCH_PATHS = (
					"$(inherited)",
					/Applications/Xcode.app/Contents/Developer/Toolchains/XcodeDefault.xctoolchain/usr/include,
					"$(SRCROOT)/../../../React/**",
					"$(SRCROOT)/../../react-native/React/**",
				);
				LIBRARY_SEARCH_PATHS = "$(inherited)";
				OTHER_LDFLAGS = "-ObjC";
				PRODUCT_NAME = RnKakaoMaps;
				SKIP_INSTALL = YES;
			};
			name = Release;
		};
/* End XCBuildConfiguration section */

/* Begin XCConfigurationList section */
		58B511D61A9E6C8500147676 /* Build configuration list for PBXProject "RnKakaoMaps" */ = {
			isa = XCConfigurationList;
			buildConfigurations = (
				58B511ED1A9E6C8500147676 /* Debug */,
				58B511EE1A9E6C8500147676 /* Release */,
			);
			defaultConfigurationIsVisible = 0;
			defaultConfigurationName = Release;
		};
		58B511EF1A9E6C8500147676 /* Build configuration list for PBXNativeTarget "RnKakaoMaps" */ = {
			isa = XCConfigurationList;
			buildConfigurations = (
				58B511F01A9E6C8500147676 /* Debug */,
				58B511F11A9E6C8500147676 /* Release */,
			);
			defaultConfigurationIsVisible = 0;
			defaultConfigurationName = Release;
		};
/* End XCConfigurationList section */
	};
	rootObject = 58B511D31A9E6C8500147676 /* Project object */;
}
