// !$*UTF8*$!
{
	archiveVersion = 1;
	classes = {
	};
	objectVersion = 46;
	objects = {

/* Begin PBXBuildFile section */
		1F19B776271C279A0001892A /* MapViewController.m in Sources */ = {isa = PBXBuildFile; fileRef = 1F19B774271C279A0001892A /* MapViewController.m */; };
		1F19B7A3271C28050001892A /* OpenGLES.framework in Frameworks */ = {isa = PBXBuildFile; fileRef = 1F19B7A2271C28050001892A /* OpenGLES.framework */; };
		1F19B7A5271C28180001892A /* SystemConfiguration.framework in Frameworks */ = {isa = PBXBuildFile; fileRef = 1F19B7A4271C28180001892A /* SystemConfiguration.framework */; };
		1F19B7A7271C28220001892A /* CoreLocation.framework in Frameworks */ = {isa = PBXBuildFile; fileRef = 1F19B7A6271C28220001892A /* CoreLocation.framework */; };
		1F19B7A9271C28280001892A /* QuartzCore.framework in Frameworks */ = {isa = PBXBuildFile; fileRef = 1F19B7A8271C28280001892A /* QuartzCore.framework */; };
		1F19B7AB271C28300001892A /* libc++.tbd in Frameworks */ = {isa = PBXBuildFile; fileRef = 1F19B7AA271C28300001892A /* libc++.tbd */; };
		1F19B7AE271C28370001892A /* libxml2.tbd in Frameworks */ = {isa = PBXBuildFile; fileRef = 1F19B7AD271C28370001892A /* libxml2.tbd */; };
		1F19B7B1271C283D0001892A /* libsqlite3.tbd in Frameworks */ = {isa = PBXBuildFile; fileRef = 1F19B7B0271C283D0001892A /* libsqlite3.tbd */; };
		1FA16530282F740A0018990A /* KakaoMapManager.m in Sources */ = {isa = PBXBuildFile; fileRef = 1FA1652F282F740A0018990A /* KakaoMapManager.m */; };
		1FF0977E2732E8F200FFA400 /* DaumMap.framework in Frameworks */ = {isa = PBXBuildFile; fileRef = 1FF0977D2732E8DF00FFA400 /* DaumMap.framework */; };
/* End PBXBuildFile section */

/* Begin PBXCopyFilesBuildPhase section */
		58B511D91A9E6C8500147676 /* CopyFiles */ = {
			isa = PBXCopyFilesBuildPhase;
			buildActionMask = 2147483647;
			dstPath = "include/$(PRODUCT_NAME)";
			dstSubfolderSpec = 16;
			files = (
			);
			runOnlyForDeploymentPostprocessing = 0;
		};
/* End PBXCopyFilesBuildPhase section */

/* Begin PBXFileReference section */
		134814201AA4EA6300B7C361 /* libRnKakaoMaps.a */ = {isa = PBXFileReference; explicitFileType = archive.ar; includeInIndex = 0; path = libRnKakaoMaps.a; sourceTree = BUILT_PRODUCTS_DIR; };
		1F19B774271C279A0001892A /* MapViewController.m */ = {isa = PBXFileReference; fileEncoding = 4; lastKnownFileType = sourcecode.c.objc; path = MapViewController.m; sourceTree = "<group>"; };
		1F19B775271C279A0001892A /* MapViewController.h */ = {isa = PBXFileReference; fileEncoding = 4; lastKnownFileType = sourcecode.c.h; path = MapViewController.h; sourceTree = "<group>"; };
		1F19B7A2271C28050001892A /* OpenGLES.framework */ = {isa = PBXFileReference; lastKnownFileType = wrapper.framework; name = OpenGLES.framework; path = System/Library/Frameworks/OpenGLES.framework; sourceTree = SDKROOT; };
		1F19B7A4271C28180001892A /* SystemConfiguration.framework */ = {isa = PBXFileReference; lastKnownFileType = wrapper.framework; name = SystemConfiguration.framework; path = Platforms/MacOSX.platform/Developer/SDKs/MacOSX11.1.sdk/System/Library/Frameworks/SystemConfiguration.framework; sourceTree = DEVELOPER_DIR; };
		1F19B7A6271C28220001892A /* CoreLocation.framework */ = {isa = PBXFileReference; lastKnownFileType = wrapper.framework; name = CoreLocation.framework; path = Platforms/MacOSX.platform/Developer/SDKs/MacOSX11.1.sdk/System/Library/Frameworks/CoreLocation.framework; sourceTree = DEVELOPER_DIR; };
		1F19B7A8271C28280001892A /* QuartzCore.framework */ = {isa = PBXFileReference; lastKnownFileType = wrapper.framework; name = QuartzCore.framework; path = Platforms/MacOSX.platform/Developer/SDKs/MacOSX11.1.sdk/System/Library/Frameworks/QuartzCore.framework; sourceTree = DEVELOPER_DIR; };
		1F19B7AA271C28300001892A /* libc++.tbd */ = {isa = PBXFileReference; lastKnownFileType = "sourcecode.text-based-dylib-definition"; name = "libc++.tbd"; path = "Platforms/MacOSX.platform/Developer/SDKs/MacOSX11.1.sdk/usr/lib/libc++.tbd"; sourceTree = DEVELOPER_DIR; };
		1F19B7AD271C28370001892A /* libxml2.tbd */ = {isa = PBXFileReference; lastKnownFileType = "sourcecode.text-based-dylib-definition"; name = libxml2.tbd; path = Platforms/MacOSX.platform/Developer/SDKs/MacOSX11.1.sdk/usr/lib/libxml2.tbd; sourceTree = DEVELOPER_DIR; };
		1F19B7B0271C283D0001892A /* libsqlite3.tbd */ = {isa = PBXFileReference; lastKnownFileType = "sourcecode.text-based-dylib-definition"; name = libsqlite3.tbd; path = Platforms/MacOSX.platform/Developer/SDKs/MacOSX11.1.sdk/usr/lib/libsqlite3.tbd; sourceTree = DEVELOPER_DIR; };
		1FA1652F282F740A0018990A /* KakaoMapManager.m */ = {isa = PBXFileReference; lastKnownFileType = sourcecode.c.objc; path = KakaoMapManager.m; sourceTree = "<group>"; };
		1FF097592732E8DF00FFA400 /* map_pinup_custom@3x.png */ = {isa = PBXFileReference; lastKnownFileType = image.png; path = "map_pinup_custom@3x.png"; sourceTree = "<group>"; };
		1FF0975A2732E8DF00FFA400 /* map_pin_custom.png */ = {isa = PBXFileReference; lastKnownFileType = image.png; path = map_pin_custom.png; sourceTree = "<group>"; };
		1FF0975B2732E8DF00FFA400 /* shadow_balloon.png */ = {isa = PBXFileReference; lastKnownFileType = image.png; path = shadow_balloon.png; sourceTree = "<group>"; };
		1FF0975C2732E8DF00FFA400 /* map_pinup.png */ = {isa = PBXFileReference; lastKnownFileType = image.png; path = map_pinup.png; sourceTree = "<group>"; };
		1FF0975D2732E8DF00FFA400 /* detail_button.png */ = {isa = PBXFileReference; lastKnownFileType = image.png; path = detail_button.png; sourceTree = "<group>"; };
		1FF0975E2732E8DF00FFA400 /* map_pin_custom@3x.png */ = {isa = PBXFileReference; lastKnownFileType = image.png; path = "map_pin_custom@3x.png"; sourceTree = "<group>"; };
		1FF0975F2732E8DF00FFA400 /* map_pinup@3x.png */ = {isa = PBXFileReference; lastKnownFileType = image.png; path = "map_pinup@3x.png"; sourceTree = "<group>"; };
		1FF097602732E8DF00FFA400 /* map_pin_shadow@3x.png */ = {isa = PBXFileReference; lastKnownFileType = image.png; path = "map_pin_shadow@3x.png"; sourceTree = "<group>"; };
		1FF097612732E8DF00FFA400 /* copyright.png */ = {isa = PBXFileReference; lastKnownFileType = image.png; path = copyright.png; sourceTree = "<group>"; };
		1FF097622732E8DF00FFA400 /* th_line.png */ = {isa = PBXFileReference; lastKnownFileType = image.png; path = th_line.png; sourceTree = "<group>"; };
		1FF097632732E8DF00FFA400 /* map_pin_red@3x.png */ = {isa = PBXFileReference; lastKnownFileType = image.png; path = "map_pin_red@3x.png"; sourceTree = "<group>"; };
		1FF097642732E8DF00FFA400 /* daum_copyright.png */ = {isa = PBXFileReference; lastKnownFileType = image.png; path = daum_copyright.png; sourceTree = "<group>"; };
		1FF097652732E8DF00FFA400 /* map_pin@3x.png */ = {isa = PBXFileReference; lastKnownFileType = image.png; path = "map_pin@3x.png"; sourceTree = "<group>"; };
		1FF097662732E8DF00FFA400 /* map_present_tracking.png */ = {isa = PBXFileReference; lastKnownFileType = image.png; path = map_present_tracking.png; sourceTree = "<group>"; };
		1FF097672732E8DF00FFA400 /* map_pin_red.png */ = {isa = PBXFileReference; lastKnownFileType = image.png; path = map_pin_red.png; sourceTree = "<group>"; };
		1FF097692732E8DF00FFA400 /* MTMapPOIItem.h */ = {isa = PBXFileReference; lastKnownFileType = sourcecode.c.h; path = MTMapPOIItem.h; sourceTree = "<group>"; };
		1FF0976A2732E8DF00FFA400 /* MTMapCameraUpdate.h */ = {isa = PBXFileReference; lastKnownFileType = sourcecode.c.h; path = MTMapCameraUpdate.h; sourceTree = "<group>"; };
		1FF0976B2732E8DF00FFA400 /* MTMapReverseGeoCoder.h */ = {isa = PBXFileReference; lastKnownFileType = sourcecode.c.h; path = MTMapReverseGeoCoder.h; sourceTree = "<group>"; };
		1FF0976C2732E8DF00FFA400 /* MTMapPolyline.h */ = {isa = PBXFileReference; lastKnownFileType = sourcecode.c.h; path = MTMapPolyline.h; sourceTree = "<group>"; };
		1FF0976D2732E8DF00FFA400 /* MTMapLocationMarkerItem.h */ = {isa = PBXFileReference; lastKnownFileType = sourcecode.c.h; path = MTMapLocationMarkerItem.h; sourceTree = "<group>"; };
		1FF0976E2732E8DF00FFA400 /* MTMapView.h */ = {isa = PBXFileReference; lastKnownFileType = sourcecode.c.h; path = MTMapView.h; sourceTree = "<group>"; };
		1FF0976F2732E8DF00FFA400 /* MTMapGeometry.h */ = {isa = PBXFileReference; lastKnownFileType = sourcecode.c.h; path = MTMapGeometry.h; sourceTree = "<group>"; };
		1FF097702732E8DF00FFA400 /* MTMapCircle.h */ = {isa = PBXFileReference; lastKnownFileType = sourcecode.c.h; path = MTMapCircle.h; sourceTree = "<group>"; };
		1FF097712732E8DF00FFA400 /* info_box.png */ = {isa = PBXFileReference; lastKnownFileType = image.png; path = info_box.png; sourceTree = "<group>"; };
		1FF097722732E8DF00FFA400 /* point_sprite.png */ = {isa = PBXFileReference; lastKnownFileType = image.png; path = point_sprite.png; sourceTree = "<group>"; };
		1FF097732732E8DF00FFA400 /* map_pinup_custom.png */ = {isa = PBXFileReference; lastKnownFileType = image.png; path = map_pinup_custom.png; sourceTree = "<group>"; };
		1FF097742732E8DF00FFA400 /* info_box_tail.png */ = {isa = PBXFileReference; lastKnownFileType = image.png; path = info_box_tail.png; sourceTree = "<group>"; };
		1FF097752732E8DF00FFA400 /* noimage256.png */ = {isa = PBXFileReference; lastKnownFileType = image.png; path = noimage256.png; sourceTree = "<group>"; };
		1FF097762732E8DF00FFA400 /* map_present_direction.png */ = {isa = PBXFileReference; lastKnownFileType = image.png; path = map_present_direction.png; sourceTree = "<group>"; };
		1FF097772732E8DF00FFA400 /* map_pin.png */ = {isa = PBXFileReference; lastKnownFileType = image.png; path = map_pin.png; sourceTree = "<group>"; };
		1FF097782732E8DF00FFA400 /* map_present.png */ = {isa = PBXFileReference; lastKnownFileType = image.png; path = map_present.png; sourceTree = "<group>"; };
		1FF097792732E8DF00FFA400 /* noimage.png */ = {isa = PBXFileReference; lastKnownFileType = image.png; path = noimage.png; sourceTree = "<group>"; };
		1FF0977A2732E8DF00FFA400 /* map_present_background_update.png */ = {isa = PBXFileReference; lastKnownFileType = image.png; path = map_present_background_update.png; sourceTree = "<group>"; };
		1FF0977B2732E8DF00FFA400 /* daum_th_line.png */ = {isa = PBXFileReference; lastKnownFileType = image.png; path = daum_th_line.png; sourceTree = "<group>"; };
		1FF0977C2732E8DF00FFA400 /* map_pin_shadow.png */ = {isa = PBXFileReference; lastKnownFileType = image.png; path = map_pin_shadow.png; sourceTree = "<group>"; };
		1FF0977D2732E8DF00FFA400 /* DaumMap.framework */ = {isa = PBXFileReference; lastKnownFileType = wrapper.framework; path = DaumMap.framework; sourceTree = "<group>"; };
/* End PBXFileReference section */

/* Begin PBXFrameworksBuildPhase section */
		58B511D81A9E6C8500147676 /* Frameworks */ = {
			isa = PBXFrameworksBuildPhase;
			buildActionMask = 2147483647;
			files = (
				1FF0977E2732E8F200FFA400 /* DaumMap.framework in Frameworks */,
				1F19B7B1271C283D0001892A /* libsqlite3.tbd in Frameworks */,
				1F19B7AE271C28370001892A /* libxml2.tbd in Frameworks */,
				1F19B7AB271C28300001892A /* libc++.tbd in Frameworks */,
				1F19B7A9271C28280001892A /* QuartzCore.framework in Frameworks */,
				1F19B7A7271C28220001892A /* CoreLocation.framework in Frameworks */,
				1F19B7A5271C28180001892A /* SystemConfiguration.framework in Frameworks */,
				1F19B7A3271C28050001892A /* OpenGLES.framework in Frameworks */,
			);
			runOnlyForDeploymentPostprocessing = 0;
		};
/* End PBXFrameworksBuildPhase section */

/* Begin PBXGroup section */
		134814211AA4EA7D00B7C361 /* Products */ = {
			isa = PBXGroup;
			children = (
				134814201AA4EA6300B7C361 /* libRnKakaoMaps.a */,
			);
			name = Products;
			sourceTree = "<group>";
		};
		1F19B7A1271C28040001892A /* Frameworks */ = {
			isa = PBXGroup;
			children = (
				1FF097572732E8DF00FFA400 /* DaumMap.embeddedframework */,
				1F19B7B0271C283D0001892A /* libsqlite3.tbd */,
				1F19B7AD271C28370001892A /* libxml2.tbd */,
				1F19B7AA271C28300001892A /* libc++.tbd */,
				1F19B7A8271C28280001892A /* QuartzCore.framework */,
				1F19B7A6271C28220001892A /* CoreLocation.framework */,
				1F19B7A4271C28180001892A /* SystemConfiguration.framework */,
				1F19B7A2271C28050001892A /* OpenGLES.framework */,
			);
			name = Frameworks;
			sourceTree = "<group>";
		};
		1FF097572732E8DF00FFA400 /* DaumMap.embeddedframework */ = {
			isa = PBXGroup;
			children = (
				1FF097582732E8DF00FFA400 /* Resources */,
				1FF0977D2732E8DF00FFA400 /* DaumMap.framework */,
			);
			path = DaumMap.embeddedframework;
			sourceTree = "<group>";
		};
		1FF097582732E8DF00FFA400 /* Resources */ = {
			isa = PBXGroup;
			children = (
				1FF097592732E8DF00FFA400 /* map_pinup_custom@3x.png */,
				1FF0975A2732E8DF00FFA400 /* map_pin_custom.png */,
				1FF0975B2732E8DF00FFA400 /* shadow_balloon.png */,
				1FF0975C2732E8DF00FFA400 /* map_pinup.png */,
				1FF0975D2732E8DF00FFA400 /* detail_button.png */,
				1FF0975E2732E8DF00FFA400 /* map_pin_custom@3x.png */,
				1FF0975F2732E8DF00FFA400 /* map_pinup@3x.png */,
				1FF097602732E8DF00FFA400 /* map_pin_shadow@3x.png */,
				1FF097612732E8DF00FFA400 /* copyright.png */,
				1FF097622732E8DF00FFA400 /* th_line.png */,
				1FF097632732E8DF00FFA400 /* map_pin_red@3x.png */,
				1FF097642732E8DF00FFA400 /* daum_copyright.png */,
				1FF097652732E8DF00FFA400 /* map_pin@3x.png */,
				1FF097662732E8DF00FFA400 /* map_present_tracking.png */,
				1FF097672732E8DF00FFA400 /* map_pin_red.png */,
				1FF097682732E8DF00FFA400 /* Headers */,
				1FF097712732E8DF00FFA400 /* info_box.png */,
				1FF097722732E8DF00FFA400 /* point_sprite.png */,
				1FF097732732E8DF00FFA400 /* map_pinup_custom.png */,
				1FF097742732E8DF00FFA400 /* info_box_tail.png */,
				1FF097752732E8DF00FFA400 /* noimage256.png */,
				1FF097762732E8DF00FFA400 /* map_present_direction.png */,
				1FF097772732E8DF00FFA400 /* map_pin.png */,
				1FF097782732E8DF00FFA400 /* map_present.png */,
				1FF097792732E8DF00FFA400 /* noimage.png */,
				1FF0977A2732E8DF00FFA400 /* map_present_background_update.png */,
				1FF0977B2732E8DF00FFA400 /* daum_th_line.png */,
				1FF0977C2732E8DF00FFA400 /* map_pin_shadow.png */,
			);
			path = Resources;
			sourceTree = "<group>";
		};
		1FF097682732E8DF00FFA400 /* Headers */ = {
			isa = PBXGroup;
			children = (
				1FF097692732E8DF00FFA400 /* MTMapPOIItem.h */,
				1FF0976A2732E8DF00FFA400 /* MTMapCameraUpdate.h */,
				1FF0976B2732E8DF00FFA400 /* MTMapReverseGeoCoder.h */,
				1FF0976C2732E8DF00FFA400 /* MTMapPolyline.h */,
				1FF0976D2732E8DF00FFA400 /* MTMapLocationMarkerItem.h */,
				1FF0976E2732E8DF00FFA400 /* MTMapView.h */,
				1FF0976F2732E8DF00FFA400 /* MTMapGeometry.h */,
				1FF097702732E8DF00FFA400 /* MTMapCircle.h */,
			);
			path = Headers;
			sourceTree = "<group>";
		};
		58B511D21A9E6C8500147676 = {
			isa = PBXGroup;
			children = (
				1FA1652F282F740A0018990A /* KakaoMapManager.m */,
				1F19B775271C279A0001892A /* MapViewController.h */,
				1F19B774271C279A0001892A /* MapViewController.m */,
				134814211AA4EA7D00B7C361 /* Products */,
				1F19B7A1271C28040001892A /* Frameworks */,
			);
			sourceTree = "<group>";
		};
/* End PBXGroup section */

/* Begin PBXNativeTarget section */
		58B511DA1A9E6C8500147676 /* RnKakaoMaps */ = {
			isa = PBXNativeTarget;
			buildConfigurationList = 58B511EF1A9E6C8500147676 /* Build configuration list for PBXNativeTarget "RnKakaoMaps" */;
			buildPhases = (
				58B511D71A9E6C8500147676 /* Sources */,
				58B511D81A9E6C8500147676 /* Frameworks */,
				58B511D91A9E6C8500147676 /* CopyFiles */,
			);
			buildRules = (
			);
			dependencies = (
			);
			name = RnKakaoMaps;
			productName = RCTDataManager;
			productReference = 134814201AA4EA6300B7C361 /* libRnKakaoMaps.a */;
			productType = "com.apple.product-type.library.static";
		};
/* End PBXNativeTarget section */

/* Begin PBXProject section */
		58B511D31A9E6C8500147676 /* Project object */ = {
			isa = PBXProject;
			attributes = {
				LastUpgradeCheck = 0610;
				ORGANIZATIONNAME = Facebook;
				TargetAttributes = {
					58B511DA1A9E6C8500147676 = {
						CreatedOnToolsVersion = 6.1.1;
					};
				};
			};
			buildConfigurationList = 58B511D61A9E6C8500147676 /* Build configuration list for PBXProject "RnKakaoMaps" */;
			compatibilityVersion = "Xcode 3.2";
			developmentRegion = English;
			hasScannedForEncodings = 0;
			knownRegions = (
				English,
				en,
			);
			mainGroup = 58B511D21A9E6C8500147676;
			productRefGroup = 58B511D21A9E6C8500147676;
			projectDirPath = "";
			projectRoot = "";
			targets = (
				58B511DA1A9E6C8500147676 /* RnKakaoMaps */,
			);
		};
/* End PBXProject section */

/* Begin PBXSourcesBuildPhase section */
		58B511D71A9E6C8500147676 /* Sources */ = {
			isa = PBXSourcesBuildPhase;
			buildActionMask = 2147483647;
			files = (
				1F19B776271C279A0001892A /* MapViewController.m in Sources */,
				1FA16530282F740A0018990A /* KakaoMapManager.m in Sources */,
			);
			runOnlyForDeploymentPostprocessing = 0;
		};
/* End PBXSourcesBuildPhase section */

/* Begin XCBuildConfiguration section */
		58B511ED1A9E6C8500147676 /* Debug */ = {
			isa = XCBuildConfiguration;
			buildSettings = {
				ALWAYS_SEARCH_USER_PATHS = NO;
				CLANG_CXX_LANGUAGE_STANDARD = "gnu++0x";
				CLANG_CXX_LIBRARY = "libc++";
				CLANG_ENABLE_MODULES = YES;
				CLANG_ENABLE_OBJC_ARC = NO;
				CLANG_WARN_BOOL_CONVERSION = YES;
				CLANG_WARN_CONSTANT_CONVERSION = YES;
				CLANG_WARN_DIRECT_OBJC_ISA_USAGE = YES_ERROR;
				CLANG_WARN_EMPTY_BODY = YES;
				CLANG_WARN_ENUM_CONVERSION = YES;
				CLANG_WARN_INT_CONVERSION = YES;
				CLANG_WARN_OBJC_ROOT_CLASS = YES_ERROR;
				CLANG_WARN_UNREACHABLE_CODE = YES;
				CLANG_WARN__DUPLICATE_METHOD_MATCH = YES;
				COPY_PHASE_STRIP = NO;
				ENABLE_STRICT_OBJC_MSGSEND = YES;
				GCC_C_LANGUAGE_STANDARD = gnu99;
				GCC_DYNAMIC_NO_PIC = NO;
				GCC_OPTIMIZATION_LEVEL = 0;
				GCC_PREPROCESSOR_DEFINITIONS = (
					"DEBUG=1",
					"$(inherited)",
				);
				GCC_SYMBOLS_PRIVATE_EXTERN = NO;
				GCC_WARN_64_TO_32_BIT_CONVERSION = YES;
				GCC_WARN_ABOUT_RETURN_TYPE = YES_ERROR;
				GCC_WARN_UNDECLARED_SELECTOR = YES;
				GCC_WARN_UNINITIALIZED_AUTOS = YES_AGGRESSIVE;
				GCC_WARN_UNUSED_FUNCTION = YES;
				GCC_WARN_UNUSED_VARIABLE = YES;
				IPHONEOS_DEPLOYMENT_TARGET = 7.0;
				MTL_ENABLE_DEBUG_INFO = YES;
				ONLY_ACTIVE_ARCH = YES;
				SDKROOT = iphoneos;
			};
			name = Debug;
		};
		58B511EE1A9E6C8500147676 /* Release */ = {
			isa = XCBuildConfiguration;
			buildSettings = {
				ALWAYS_SEARCH_USER_PATHS = NO;
				CLANG_CXX_LANGUAGE_STANDARD = "gnu++0x";
				CLANG_CXX_LIBRARY = "libc++";
				CLANG_ENABLE_MODULES = YES;
				CLANG_ENABLE_OBJC_ARC = NO;
				CLANG_WARN_BOOL_CONVERSION = YES;
				CLANG_WARN_CONSTANT_CONVERSION = YES;
				CLANG_WARN_DIRECT_OBJC_ISA_USAGE = YES_ERROR;
				CLANG_WARN_EMPTY_BODY = YES;
				CLANG_WARN_ENUM_CONVERSION = YES;
				CLANG_WARN_INT_CONVERSION = YES;
				CLANG_WARN_OBJC_ROOT_CLASS = YES_ERROR;
				CLANG_WARN_UNREACHABLE_CODE = YES;
				CLANG_WARN__DUPLICATE_METHOD_MATCH = YES;
				COPY_PHASE_STRIP = YES;
				ENABLE_NS_ASSERTIONS = NO;
				ENABLE_STRICT_OBJC_MSGSEND = YES;
				GCC_C_LANGUAGE_STANDARD = gnu99;
				GCC_WARN_64_TO_32_BIT_CONVERSION = YES;
				GCC_WARN_ABOUT_RETURN_TYPE = YES_ERROR;
				GCC_WARN_UNDECLARED_SELECTOR = YES;
				GCC_WARN_UNINITIALIZED_AUTOS = YES_AGGRESSIVE;
				GCC_WARN_UNUSED_FUNCTION = YES;
				GCC_WARN_UNUSED_VARIABLE = YES;
				IPHONEOS_DEPLOYMENT_TARGET = 7.0;
				MTL_ENABLE_DEBUG_INFO = NO;
				SDKROOT = iphoneos;
				VALIDATE_PRODUCT = YES;
			};
			name = Release;
		};
		58B511F01A9E6C8500147676 /* Debug */ = {
			isa = XCBuildConfiguration;
			buildSettings = {
				FRAMEWORK_SEARCH_PATHS = (
					"$(inherited)",
					"$(PROJECT_DIR)/DaumMap.embeddedframework",
				);
				HEADER_SEARCH_PATHS = (
					"$(inherited)",
					/Applications/Xcode.app/Contents/Developer/Toolchains/XcodeDefault.xctoolchain/usr/include,
					"$(SRCROOT)/../../../React/**",
					"$(SRCROOT)/../../react-native/React/**",
				);
				LIBRARY_SEARCH_PATHS = "$(inherited)";
				OTHER_LDFLAGS = "-ObjC";
				PRODUCT_NAME = RnKakaoMaps;
				SKIP_INSTALL = YES;
			};
			name = Debug;
		};
		58B511F11A9E6C8500147676 /* Release */ = {
			isa = XCBuildConfiguration;
			buildSettings = {
				FRAMEWORK_SEARCH_PATHS = (
					"$(inherited)",
					"$(PROJECT_DIR)/DaumMap.embeddedframework",
				);
				HEADER_SEARCH_PATHS = (
					"$(inherited)",
					/Applications/Xcode.app/Contents/Developer/Toolchains/XcodeDefault.xctoolchain/usr/include,
					"$(SRCROOT)/../../../React/**",
					"$(SRCROOT)/../../react-native/React/**",
				);
				LIBRARY_SEARCH_PATHS = "$(inherited)";
				OTHER_LDFLAGS = "-ObjC";
				PRODUCT_NAME = RnKakaoMaps;
				SKIP_INSTALL = YES;
			};
			name = Release;
		};
/* End XCBuildConfiguration section */

/* Begin XCConfigurationList section */
		58B511D61A9E6C8500147676 /* Build configuration list for PBXProject "RnKakaoMaps" */ = {
			isa = XCConfigurationList;
			buildConfigurations = (
				58B511ED1A9E6C8500147676 /* Debug */,
				58B511EE1A9E6C8500147676 /* Release */,
			);
			defaultConfigurationIsVisible = 0;
			defaultConfigurationName = Release;
		};
		58B511EF1A9E6C8500147676 /* Build configuration list for PBXNativeTarget "RnKakaoMaps" */ = {
			isa = XCConfigurationList;
			buildConfigurations = (
				58B511F01A9E6C8500147676 /* Debug */,
				58B511F11A9E6C8500147676 /* Release */,
			);
			defaultConfigurationIsVisible = 0;
			defaultConfigurationName = Release;
		};
/* End XCConfigurationList section */
	};
	rootObject = 58B511D31A9E6C8500147676 /* Project object */;
}
